<?xml version="1.0" encoding="UTF-8" standalone="yes" ?>
<CodeBlocks_project_file>
	<FileVersion major="1" minor="6" />
	<Project>
		<Option title="neptune" />
		<Option makefile_is_custom="1" />
		<Option pch_mode="2" />
		<Option compiler="gdc" />
		<Build>
			<Target title="all">
				<Option output="bin\neptune" prefix_auto="1" extension_auto="1" />
				<Option object_output="obj\" />
				<Option type="1" />
				<Option compiler="gdc" />
				<Compiler>
					<Add option="-O2" />
				</Compiler>
				<Linker>
					<Add option="-s" />
				</Linker>
			</Target>
		</Build>
		<Compiler>
			<Add option="-Wall" />
		</Compiler>
		<Unit filename="Makefile" />
		<Unit filename="SConstruct" />
		<Unit filename="build\format\cpu_header.hpp" />
		<Unit filename="build\include\cpuinfo.hpp" />
		<Unit filename="build\scripts\build_list.py" />
		<Unit filename="build\scripts\cd.py" />
		<Unit filename="build\scripts\cross_compile.py" />
		<Unit filename="build\scripts\doxygen.py" />
		<Unit filename="build\scripts\linker.py" />
		<Unit filename="build\scripts\obj_list.py" />
		<Unit filename="build\scripts\optimize.py" />
		<Unit filename="build\src\cpuinfo.cpp" />
		<Unit filename="build\src\system_info.cpp" />
		<Unit filename="grub\iso-menu.lst" />
		<Unit filename="kernel\SConscript" />
		<Unit filename="kernel\boot\SConscript" />
		<Unit filename="kernel\boot\kernel.d" />
		<Unit filename="kernel\boot\loader.asm" />
		<Unit filename="kernel\dev\SConscript" />
		<Unit filename="kernel\dev\kb.d" />
		<Unit filename="kernel\dev\port.d" />
		<Unit filename="kernel\dev\screen.d" />
		<Unit filename="kernel\interrupt\SConscript" />
		<Unit filename="kernel\interrupt\idt.d" />
		<Unit filename="kernel\interrupt\interrupts.asm" />
		<Unit filename="kernel\interrupt\isr.d" />
		<Unit filename="kernel\link\linker.ld" />
		<Unit filename="kernel\mem\SConscript" />
		<Unit filename="kernel\mem\allocator.d" />
		<Unit filename="kernel\mem\heap.d" />
		<Unit filename="kernel\mem\paging.d" />
		<Unit filename="kernel\mem\util.d" />
		<Unit filename="kernel\runtime\compiler\arraycast.d" />
		<Unit filename="kernel\runtime\compiler\dgccmain2.d" />
		<Unit filename="kernel\runtime\compiler\gcc\deh.d" />
		<Unit filename="kernel\runtime\compiler\gcc\unwind.d" />
		<Unit filename="loader\SConscript" />
		<Unit filename="loader\elf.h" />
		<Unit filename="loader\linker.ld" />
		<Unit filename="loader\loader.asm" />
		<Unit filename="loader\main.cpp" />
		<Unit filename="loader\multiboot.h" />
		<Unit filename="loader\type.h" />
		<Unit filename="loader\util.cpp" />
		<Unit filename="loader\util.h" />
		<Unit filename="neptune\SConscript" />
		<Unit filename="neptune\arch\SConscript" />
		<Unit filename="neptune\arch\gdt.d" />
		<Unit filename="neptune\arch\tss.d" />
		<Unit filename="scons.sh" />
		<Unit filename="triton\SConscript" />
		<Unit filename="triton\arraycat.d" />
		<Unit filename="triton\cast.d" />
		<Unit filename="triton\error.d" />
		<Unit filename="triton\gcc\SConscript" />
		<Unit filename="triton\gcc\builtins.d" />
		<Unit filename="triton\genobj.d" />
		<Unit filename="triton\invariant.d" />
		<Unit filename="triton\lifetime.d" />
		<Unit filename="triton\object.di" />
		<Unit filename="triton\std\SConscript" />
		<Unit filename="triton\std\bitarray.d" />
		<Unit filename="triton\std\c\stdarg.d" />
		<Unit filename="triton\std\intrinsic.d" />
		<Unit filename="triton\std\stdarg.d" />
		<Unit filename="triton\std\typeinfo\SConscript" />
		<Unit filename="triton\std\typeinfo\ti_AC.d" />
		<Unit filename="triton\std\typeinfo\ti_Acdouble.d" />
		<Unit filename="triton\std\typeinfo\ti_Acfloat.d" />
		<Unit filename="triton\std\typeinfo\ti_Acreal.d" />
		<Unit filename="triton\std\typeinfo\ti_Adouble.d" />
		<Unit filename="triton\std\typeinfo\ti_Afloat.d" />
		<Unit filename="triton\std\typeinfo\ti_Ag.d" />
		<Unit filename="triton\std\typeinfo\ti_Aint.d" />
		<Unit filename="triton\std\typeinfo\ti_Along.d" />
		<Unit filename="triton\std\typeinfo\ti_Areal.d" />
		<Unit filename="triton\std\typeinfo\ti_Ashort.d" />
		<Unit filename="triton\std\typeinfo\ti_C.d" />
		<Unit filename="triton\std\typeinfo\ti_byte.d" />
		<Unit filename="triton\std\typeinfo\ti_cdouble.d" />
		<Unit filename="triton\std\typeinfo\ti_cfloat.d" />
		<Unit filename="triton\std\typeinfo\ti_char.d" />
		<Unit filename="triton\std\typeinfo\ti_creal.d" />
		<Unit filename="triton\std\typeinfo\ti_dchar.d" />
		<Unit filename="triton\std\typeinfo\ti_delegate.d" />
		<Unit filename="triton\std\typeinfo\ti_double.d" />
		<Unit filename="triton\std\typeinfo\ti_float.d" />
		<Unit filename="triton\std\typeinfo\ti_idouble.d" />
		<Unit filename="triton\std\typeinfo\ti_ifloat.d" />
		<Unit filename="triton\std\typeinfo\ti_int.d" />
		<Unit filename="triton\std\typeinfo\ti_ireal.d" />
		<Unit filename="triton\std\typeinfo\ti_long.d" />
		<Unit filename="triton\std\typeinfo\ti_ptr.d" />
		<Unit filename="triton\std\typeinfo\ti_real.d" />
		<Unit filename="triton\std\typeinfo\ti_short.d" />
		<Unit filename="triton\std\typeinfo\ti_ubyte.d" />
		<Unit filename="triton\std\typeinfo\ti_uint.d" />
		<Unit filename="triton\std\typeinfo\ti_ulong.d" />
		<Unit filename="triton\std\typeinfo\ti_ushort.d" />
		<Unit filename="triton\std\typeinfo\ti_void.d" />
		<Unit filename="triton\std\typeinfo\ti_wchar.d" />
		<Extensions>
			<code_completion />
			<envvars />
			<debugger />
		</Extensions>
	</Project>
</CodeBlocks_project_file>
